asgiref==3.12.1 \
    --hash=sha256:fe386d1c2bff7259ea95929266d12a8cf9a8b5a1c2598402967d8792e7a7c094
Django==5.2.17 \
    --hash=sha256:f04fb3b36ee119e1af4fa1d397d5fd6cf12700f49321e84d4f4c642c5b1973db
djangorestframework==3.18.1 \
    --hash=sha256:f1409d698967aaf82d5d98d76b549c8fba8bd92ebd0d83d24454508f72168dc2
psycopg==3.3.6 \
    --hash=sha256:a1db9f7148b06a28606767efaca51fa6f9398c5c0a3810519be69d7000bdb631
psycopg-binary==3.3.6 \
    --hash=sha256:cec5ea900390897d0b46130f60bc2883bf19c314f9044235217c8be88b0ef269
sqlparse==0.6.0 \
    --hash=sha256:b861c0288ce2fa56209a9a6412d2e066ac664b3873b89c26c9d8415e8e32996f
